
Microsoft Visual Studio Solution File, Format Version 12.00
# Visual Studio Version 17
VisualStudioVersion = 17.5.2.0
MinimumVisualStudioVersion = 10.0.40219.1
Project("{FAE04EC0-301F-11D3-BF4B-00C04F79EFBC}") = "EmailSender", "EmailSender.csproj", "{A0B48805-E757-A2CE-86E1-04B95C5FEB3A}"
EndProject
Project("{FAE04EC0-301F-11D3-BF4B-00C04F79EFBC}") = "EmailSender.Tests", "EmailSender.Tests\EmailSender.Tests.csproj", "{2ACC1817-4D36-46FC-8403-570AD48743C2}"
EndProject
Global
	GlobalSection(SolutionConfigurationPlatforms) = preSolution
		Debug|Any CPU = Debug|Any CPU
		Debug|x64 = Debug|x64
		Debug|x86 = Debug|x86
		Release|Any CPU = Release|Any CPU
		Release|x64 = Release|x64
		Release|x86 = Release|x86
	EndGlobalSection
	GlobalSection(ProjectConfigurationPlatforms) = postSolution
		{A0B48805-E757-A2CE-86E1-04B95C5FEB3A}.Debug|Any CPU.ActiveCfg = Debug|Any CPU
		{A0B48805-E757-A2CE-86E1-04B95C5FEB3A}.Debug|Any CPU.Build.0 = Debug|Any CPU
		{A0B48805-E757-A2CE-86E1-04B95C5FEB3A}.Debug|x64.ActiveCfg = Debug|Any CPU
		{A0B48805-E757-A2CE-86E1-04B95C5FEB3A}.Debug|x64.Build.0 = Debug|Any CPU
		{A0B48805-E757-A2CE-86E1-04B95C5FEB3A}.Debug|x86.ActiveCfg = Debug|Any CPU
		{A0B48805-E757-A2CE-86E1-04B95C5FEB3A}.Debug|x86.Build.0 = Debug|Any CPU
		{A0B48805-E757-A2CE-86E1-04B95C5FEB3A}.Release|Any CPU.ActiveCfg = Release|Any CPU
		{A0B48805-E757-A2CE-86E1-04B95C5FEB3A}.Release|Any CPU.Build.0 = Release|Any CPU
		{A0B48805-E757-A2CE-86E1-04B95C5FEB3A}.Release|x64.ActiveCfg = Release|Any CPU
		{A0B48805-E757-A2CE-86E1-04B95C5FEB3A}.Release|x64.Build.0 = Release|Any CPU
		{A0B48805-E757-A2CE-86E1-04B95C5FEB3A}.Release|x86.ActiveCfg = Release|Any CPU
		{A0B48805-E757-A2CE-86E1-04B95C5FEB3A}.Release|x86.Build.0 = Release|Any CPU
		{2ACC1817-4D36-46FC-8403-570AD48743C2}.Debug|Any CPU.ActiveCfg = Debug|Any CPU
		{2ACC1817-4D36-46FC-8403-570AD48743C2}.Debug|Any CPU.Build.0 = Debug|Any CPU
		{2ACC1817-4D36-46FC-8403-570AD48743C2}.Debug|x64.ActiveCfg = Debug|Any CPU
		{2ACC1817-4D36-46FC-8403-570AD48743C2}.Debug|x64.Build.0 = Debug|Any CPU
		{2ACC1817-4D36-46FC-8403-570AD48743C2}.Debug|x86.ActiveCfg = Debug|Any CPU
		{2ACC1817-4D36-46FC-8403-570AD48743C2}.Debug|x86.Build.0 = Debug|Any CPU
		{2ACC1817-4D36-46FC-8403-570AD48743C2}.Release|Any CPU.ActiveCfg = Release|Any CPU
		{2ACC1817-4D36-46FC-8403-570AD48743C2}.Release|Any CPU.Build.0 = Release|Any CPU
		{2ACC1817-4D36-46FC-8403-570AD48743C2}.Release|x64.ActiveCfg = Release|Any CPU
		{2ACC1817-4D36-46FC-8403-570AD48743C2}.Release|x64.Build.0 = Release|Any CPU
		{2ACC1817-4D36-46FC-8403-570AD48743C2}.Release|x86.ActiveCfg = Release|Any CPU
		{2ACC1817-4D36-46FC-8403-570AD48743C2}.Release|x86.Build.0 = Release|Any CPU
	EndGlobalSection
	GlobalSection(SolutionProperties) = preSolution
		HideSolutionNode = FALSE
	EndGlobalSection
	GlobalSection(ExtensibilityGlobals) = postSolution
		SolutionGuid = {D470C7CA-AD66-4C70-81BD-D420DC8D5C12}
	EndGlobalSection
EndGlobal
